// !$*UTF8*$!
{
	archiveVersion = 1;
	classes = {
	};
	objectVersion = 46;
	objects = {

/* Begin PBXBuildFile section */
		B44671201DF9BE6200B576D0 /* AppDelegate.swift in Sources */ = {isa = PBXBuildFile; fileRef = B446711F1DF9BE6200B576D0 /* AppDelegate.swift */; };
		B44671221DF9BE6200B576D0 /* ViewController.swift in Sources */ = {isa = PBXBuildFile; fileRef = B44671211DF9BE6200B576D0 /* ViewController.swift */; };
		B44671271DF9BE6200B576D0 /* Assets.xcassets in Resources */ = {isa = PBXBuildFile; fileRef = B44671261DF9BE6200B576D0 /* Assets.xcassets */; };
		B446712A1DF9BE6200B576D0 /* LaunchScreen.storyboard in Resources */ = {isa = PBXBuildFile; fileRef = B44671281DF9BE6200B576D0 /* LaunchScreen.storyboard */; };
		B49292EC1DF9C888000895B8 /* CustomCell.swift in Sources */ = {isa = PBXBuildFile; fileRef = B49292EB1DF9C888000895B8 /* CustomCell.swift */; };
		B49292EE1DF9C968000895B8 /* CustomHeader.swift in Sources */ = {isa = PBXBuildFile; fileRef = B49292ED1DF9C968000895B8 /* CustomHeader.swift */; };
		ECA625FF0557F35DB0CED4A5 /* Pods_ZJFlexibleLayoutDemo.framework in Frameworks */ = {isa = PBXBuildFile; fileRef = 4211532F740F28DBB21C5106 /* Pods_ZJFlexibleLayoutDemo.framework */; };
/* End PBXBuildFile section */

/* Begin PBXCopyFilesBuildPhase section */
		B8E8CDC01F9F55AB000EBC38 /* Embed Frameworks */ = {
			isa = PBXCopyFilesBuildPhase;
			buildActionMask = 2147483647;
			dstPath = "";
			dstSubfolderSpec = 10;
			files = (
			);
			name = "Embed Frameworks";
			runOnlyForDeploymentPostprocessing = 0;
		};
/* End PBXCopyFilesBuildPhase section */

/* Begin PBXFileReference section */
		0F5F74BF0B3C95DAEC892309 /* Pods-ZJFlexibleLayoutDemo.debug.xcconfig */ = {isa = PBXFileReference; includeInIndex = 1; lastKnownFileType = text.xcconfig; name = "Pods-ZJFlexibleLayoutDemo.debug.xcconfig"; path = "Pods/Target Support Files/Pods-ZJFlexibleLayoutDemo/Pods-ZJFlexibleLayoutDemo.debug.xcconfig"; sourceTree = "<group>"; };
		4211532F740F28DBB21C5106 /* Pods_ZJFlexibleLayoutDemo.framework */ = {isa = PBXFileReference; explicitFileType = wrapper.framework; includeInIndex = 0; path = Pods_ZJFlexibleLayoutDemo.framework; sourceTree = BUILT_PRODUCTS_DIR; };
		B09B594C118627F74F1BB643 /* Pods-ZJFlexibleLayoutDemo.release.xcconfig */ = {isa = PBXFileReference; includeInIndex = 1; lastKnownFileType = text.xcconfig; name = "Pods-ZJFlexibleLayoutDemo.release.xcconfig"; path = "Pods/Target Support Files/Pods-ZJFlexibleLayoutDemo/Pods-ZJFlexibleLayoutDemo.release.xcconfig"; sourceTree = "<group>"; };
		B446711C1DF9BE6200B576D0 /* ZJFlexibleLayoutDemo.app */ = {isa = PBXFileReference; explicitFileType = wrapper.application; includeInIndex = 0; path = ZJFlexibleLayoutDemo.app; sourceTree = BUILT_PRODUCTS_DIR; };
		B446711F1DF9BE6200B576D0 /* AppDelegate.swift */ = {isa = PBXFileReference; lastKnownFileType = sourcecode.swift; path = AppDelegate.swift; sourceTree = "<group>"; };
		B44671211DF9BE6200B576D0 /* ViewController.swift */ = {isa = PBXFileReference; lastKnownFileType = sourcecode.swift; path = ViewController.swift; sourceTree = "<group>"; };
		B44671261DF9BE6200B576D0 /* Assets.xcassets */ = {isa = PBXFileReference; lastKnownFileType = folder.assetcatalog; path = Assets.xcassets; sourceTree = "<group>"; };
		B44671291DF9BE6200B576D0 /* Base */ = {isa = PBXFileReference; lastKnownFileType = file.storyboard; name = Base; path = Base.lproj/LaunchScreen.storyboard; sourceTree = "<group>"; };
		B446712B1DF9BE6200B576D0 /* Info.plist */ = {isa = PBXFileReference; lastKnownFileType = text.plist.xml; path = Info.plist; sourceTree = "<group>"; };
		B49292EB1DF9C888000895B8 /* CustomCell.swift */ = {isa = PBXFileReference; fileEncoding = 4; lastKnownFileType = sourcecode.swift; path = CustomCell.swift; sourceTree = "<group>"; };
		B49292ED1DF9C968000895B8 /* CustomHeader.swift */ = {isa = PBXFileReference; fileEncoding = 4; lastKnownFileType = sourcecode.swift; path = CustomHeader.swift; sourceTree = "<group>"; };
		C096844B2354EF326019BD1A /* Pods_ZJFlexibleLayout.framework */ = {isa = PBXFileReference; explicitFileType = wrapper.framework; includeInIndex = 0; path = Pods_ZJFlexibleLayout.framework; sourceTree = BUILT_PRODUCTS_DIR; };
		CDD75ABDA3C8141FFF27E402 /* Pods-ZJFlexibleLayout.release.xcconfig */ = {isa = PBXFileReference; includeInIndex = 1; lastKnownFileType = text.xcconfig; name = "Pods-ZJFlexibleLayout.release.xcconfig"; path = "Pods/Target Support Files/Pods-ZJFlexibleLayout/Pods-ZJFlexibleLayout.release.xcconfig"; sourceTree = "<group>"; };
		E3A4C55E50807A43709F338A /* Pods-ZJFlexibleLayout.debug.xcconfig */ = {isa = PBXFileReference; includeInIndex = 1; lastKnownFileType = text.xcconfig; name = "Pods-ZJFlexibleLayout.debug.xcconfig"; path = "Pods/Target Support Files/Pods-ZJFlexibleLayout/Pods-ZJFlexibleLayout.debug.xcconfig"; sourceTree = "<group>"; };
/* End PBXFileReference section */

/* Begin PBXFrameworksBuildPhase section */
		B44671191DF9BE6200B576D0 /* Frameworks */ = {
			isa = PBXFrameworksBuildPhase;
			buildActionMask = 2147483647;
			files = (
				ECA625FF0557F35DB0CED4A5 /* Pods_ZJFlexibleLayoutDemo.framework in Frameworks */,
			);
			runOnlyForDeploymentPostprocessing = 0;
		};
/* End PBXFrameworksBuildPhase section */

/* Begin PBXGroup section */
		0082FEF08A908BCAAD7FFB5D /* Pods */ = {
			isa = PBXGroup;
			children = (
				E3A4C55E50807A43709F338A /* Pods-ZJFlexibleLayout.debug.xcconfig */,
				CDD75ABDA3C8141FFF27E402 /* Pods-ZJFlexibleLayout.release.xcconfig */,
				0F5F74BF0B3C95DAEC892309 /* Pods-ZJFlexibleLayoutDemo.debug.xcconfig */,
				B09B594C118627F74F1BB643 /* Pods-ZJFlexibleLayoutDemo.release.xcconfig */,
			);
			name = Pods;
			sourceTree = "<group>";
		};
		930D2925F05C07D2920ECCC8 /* Frameworks */ = {
			isa = PBXGroup;
			children = (
				C096844B2354EF326019BD1A /* Pods_ZJFlexibleLayout.framework */,
				4211532F740F28DBB21C5106 /* Pods_ZJFlexibleLayoutDemo.framework */,
			);
			name = Frameworks;
			sourceTree = "<group>";
		};
		B44671131DF9BE6200B576D0 = {
			isa = PBXGroup;
			children = (
				B446711E1DF9BE6200B576D0 /* ZJFlexibleLayoutDemo */,
				B446711D1DF9BE6200B576D0 /* Products */,
				0082FEF08A908BCAAD7FFB5D /* Pods */,
				930D2925F05C07D2920ECCC8 /* Frameworks */,
			);
			sourceTree = "<group>";
		};
		B446711D1DF9BE6200B576D0 /* Products */ = {
			isa = PBXGroup;
			children = (
				B446711C1DF9BE6200B576D0 /* ZJFlexibleLayoutDemo.app */,
			);
			name = Products;
			sourceTree = "<group>";
		};
		B446711E1DF9BE6200B576D0 /* ZJFlexibleLayoutDemo */ = {
			isa = PBXGroup;
			children = (
				B446711F1DF9BE6200B576D0 /* AppDelegate.swift */,
				B44671211DF9BE6200B576D0 /* ViewController.swift */,
				B49292EB1DF9C888000895B8 /* CustomCell.swift */,
				B49292ED1DF9C968000895B8 /* CustomHeader.swift */,
				B44671261DF9BE6200B576D0 /* Assets.xcassets */,
				B44671281DF9BE6200B576D0 /* LaunchScreen.storyboard */,
				B446712B1DF9BE6200B576D0 /* Info.plist */,
			);
			path = ZJFlexibleLayoutDemo;
			sourceTree = "<group>";
		};
/* End PBXGroup section */

/* Begin PBXNativeTarget section */
		B446711B1DF9BE6200B576D0 /* ZJFlexibleLayoutDemo */ = {
			isa = PBXNativeTarget;
			buildConfigurationList = B446712E1DF9BE6200B576D0 /* Build configuration list for PBXNativeTarget "ZJFlexibleLayoutDemo" */;
			buildPhases = (
				33EC3ABAADAA72FE57AF6FD9 /* [CP] Check Pods Manifest.lock */,
				B44671181DF9BE6200B576D0 /* Sources */,
				B44671191DF9BE6200B576D0 /* Frameworks */,
				B446711A1DF9BE6200B576D0 /* Resources */,
				B8E8CDC01F9F55AB000EBC38 /* Embed Frameworks */,
				0674957285FA70E6871B1721 /* [CP] Embed Pods Frameworks */,
			);
			buildRules = (
			);
			dependencies = (
			);
			name = ZJFlexibleLayoutDemo;
			productName = ZJFlexibleLayoutDemo;
			productReference = B446711C1DF9BE6200B576D0 /* ZJFlexibleLayoutDemo.app */;
			productType = "com.apple.product-type.application";
		};
/* End PBXNativeTarget section */

/* Begin PBXProject section */
		B44671141DF9BE6200B576D0 /* Project object */ = {
			isa = PBXProject;
			attributes = {
				LastSwiftUpdateCheck = 0800;
				LastUpgradeCheck = 0800;
				ORGANIZATIONNAME = ZhijieZhang;
				TargetAttributes = {
					B446711B1DF9BE6200B576D0 = {
						CreatedOnToolsVersion = 8.0;
						DevelopmentTeam = Z4H85W66CY;
						LastSwiftMigration = 1210;
						ProvisioningStyle = Automatic;
					};
				};
			};
			buildConfigurationList = B44671171DF9BE6200B576D0 /* Build configuration list for PBXProject "ZJFlexibleLayoutDemo" */;
			compatibilityVersion = "Xcode 3.2";
			developmentRegion = English;
			hasScannedForEncodings = 0;
			knownRegions = (
				English,
				en,
				Base,
			);
			mainGroup = B44671131DF9BE6200B576D0;
			productRefGroup = B446711D1DF9BE6200B576D0 /* Products */;
			projectDirPath = "";
			projectRoot = "";
			targets = (
				B446711B1DF9BE6200B576D0 /* ZJFlexibleLayoutDemo */,
			);
		};
/* End PBXProject section */

/* Begin PBXResourcesBuildPhase section */
		B446711A1DF9BE6200B576D0 /* Resources */ = {
			isa = PBXResourcesBuildPhase;
			buildActionMask = 2147483647;
			files = (
				B446712A1DF9BE6200B576D0 /* LaunchScreen.storyboard in Resources */,
				B44671271DF9BE6200B576D0 /* Assets.xcassets in Resources */,
			);
			runOnlyForDeploymentPostprocessing = 0;
		};
/* End PBXResourcesBuildPhase section */

/* Begin PBXShellScriptBuildPhase section */
		0674957285FA70E6871B1721 /* [CP] Embed Pods Frameworks */ = {
			isa = PBXShellScriptBuildPhase;
			buildActionMask = 2147483647;
			files = (
			);
			inputPaths = (
				"${PODS_ROOT}/Target Support Files/Pods-ZJFlexibleLayoutDemo/Pods-ZJFlexibleLayoutDemo-frameworks.sh",
				"${BUILT_PRODUCTS_DIR}/ZJFlexibleLayout/ZJFlexibleLayout.framework",
			);
			name = "[CP] Embed Pods Frameworks";
			outputPaths = (
				"${TARGET_BUILD_DIR}/${FRAMEWORKS_FOLDER_PATH}/ZJFlexibleLayout.framework",
			);
			runOnlyForDeploymentPostprocessing = 0;
			shellPath = /bin/sh;
			shellScript = "\"${PODS_ROOT}/Target Support Files/Pods-ZJFlexibleLayoutDemo/Pods-ZJFlexibleLayoutDemo-frameworks.sh\"\n";
			showEnvVarsInLog = 0;
		};
		33EC3ABAADAA72FE57AF6FD9 /* [CP] Check Pods Manifest.lock */ = {
			isa = PBXShellScriptBuildPhase;
			buildActionMask = 2147483647;
			files = (
			);
			inputPaths = (
				"${PODS_PODFILE_DIR_PATH}/Podfile.lock",
				"${PODS_ROOT}/Manifest.lock",
			);
			name = "[CP] Check Pods Manifest.lock";
			outputPaths = (
				"$(DERIVED_FILE_DIR)/Pods-ZJFlexibleLayoutDemo-checkManifestLockResult.txt",
			);
			runOnlyForDeploymentPostprocessing = 0;
			shellPath = /bin/sh;
			shellScript = "diff \"${PODS_PODFILE_DIR_PATH}/Podfile.lock\" \"${PODS_ROOT}/Manifest.lock\" > /dev/null\nif [ $? != 0 ] ; then\n    # print error to STDERR\n    echo \"error: The sandbox is not in sync with the Podfile.lock. Run 'pod install' or update your CocoaPods installation.\" >&2\n    exit 1\nfi\n# This output is used by Xcode 'outputs' to avoid re-running this script phase.\necho \"SUCCESS\" > \"${SCRIPT_OUTPUT_FILE_0}\"\n";
			showEnvVarsInLog = 0;
		};
/* End PBXShellScriptBuildPhase section */

/* Begin PBXSourcesBuildPhase section */
		B44671181DF9BE6200B576D0 /* Sources */ = {
			isa = PBXSourcesBuildPhase;
			buildActionMask = 2147483647;
			files = (
				B44671221DF9BE6200B576D0 /* ViewController.swift in Sources */,
				B49292EC1DF9C888000895B8 /* CustomCell.swift in Sources */,
				B44671201DF9BE6200B576D0 /* AppDelegate.swift in Sources */,
				B49292EE1DF9C968000895B8 /* CustomHeader.swift in Sources */,
			);
			runOnlyForDeploymentPostprocessing = 0;
		};
/* End PBXSourcesBuildPhase section */

/* Begin PBXVariantGroup section */
		B44671281DF9BE6200B576D0 /* LaunchScreen.storyboard */ = {
			isa = PBXVariantGroup;
			children = (
				B44671291DF9BE6200B576D0 /* Base */,
			);
			name = LaunchScreen.storyboard;
			sourceTree = "<group>";
		};
/* End PBXVariantGroup section */

/* Begin XCBuildConfiguration section */
		B446712C1DF9BE6200B576D0 /* Debug */ = {
			isa = XCBuildConfiguration;
			buildSettings = {
				ALWAYS_SEARCH_USER_PATHS = NO;
				CLANG_ANALYZER_NONNULL = YES;
				CLANG_CXX_LANGUAGE_STANDARD = "gnu++0x";
				CLANG_CXX_LIBRARY = "libc++";
				CLANG_ENABLE_MODULES = YES;
				CLANG_ENABLE_OBJC_ARC = YES;
				CLANG_WARN_BOOL_CONVERSION = YES;
				CLANG_WARN_CONSTANT_CONVERSION = YES;
				CLANG_WARN_DIRECT_OBJC_ISA_USAGE = YES_ERROR;
				CLANG_WARN_DOCUMENTATION_COMMENTS = YES;
				CLANG_WARN_EMPTY_BODY = YES;
				CLANG_WARN_ENUM_CONVERSION = YES;
				CLANG_WARN_INFINITE_RECURSION = YES;
				CLANG_WARN_INT_CONVERSION = YES;
				CLANG_WARN_OBJC_ROOT_CLASS = YES_ERROR;
				CLANG_WARN_SUSPICIOUS_MOVES = YES;
				CLANG_WARN_UNREACHABLE_CODE = YES;
				CLANG_WARN__DUPLICATE_METHOD_MATCH = YES;
				"CODE_SIGN_IDENTITY[sdk=iphoneos*]" = "iPhone Developer";
				COPY_PHASE_STRIP = NO;
				DEBUG_INFORMATION_FORMAT = dwarf;
				ENABLE_STRICT_OBJC_MSGSEND = YES;
				ENABLE_TESTABILITY = YES;
				GCC_C_LANGUAGE_STANDARD = gnu99;
				GCC_DYNAMIC_NO_PIC = NO;
				GCC_NO_COMMON_BLOCKS = YES;
				GCC_OPTIMIZATION_LEVEL = 0;
				GCC_PREPROCESSOR_DEFINITIONS = (
					"DEBUG=1",
					"$(inherited)",
				);
				GCC_WARN_64_TO_32_BIT_CONVERSION = YES;
				GCC_WARN_ABOUT_RETURN_TYPE = YES_ERROR;
				GCC_WARN_UNDECLARED_SELECTOR = YES;
				GCC_WARN_UNINITIALIZED_AUTOS = YES_AGGRESSIVE;
				GCC_WARN_UNUSED_FUNCTION = YES;
				GCC_WARN_UNUSED_VARIABLE = YES;
				IPHONEOS_DEPLOYMENT_TARGET = 10.0;
				MTL_ENABLE_DEBUG_INFO = YES;
				ONLY_ACTIVE_ARCH = YES;
				SDKROOT = iphoneos;
				SWIFT_ACTIVE_COMPILATION_CONDITIONS = DEBUG;
				SWIFT_OPTIMIZATION_LEVEL = "-Onone";
			};
			name = Debug;
		};
		B446712D1DF9BE6200B576D0 /* Release */ = {
			isa = XCBuildConfiguration;
			buildSettings = {
				ALWAYS_SEARCH_USER_PATHS = NO;
				CLANG_ANALYZER_NONNULL = YES;
				CLANG_CXX_LANGUAGE_STANDARD = "gnu++0x";
				CLANG_CXX_LIBRARY = "libc++";
				CLANG_ENABLE_MODULES = YES;
				CLANG_ENABLE_OBJC_ARC = YES;
				CLANG_WARN_BOOL_CONVERSION = YES;
				CLANG_WARN_CONSTANT_CONVERSION = YES;
				CLANG_WARN_DIRECT_OBJC_ISA_USAGE = YES_ERROR;
				CLANG_WARN_DOCUMENTATION_COMMENTS = YES;
				CLANG_WARN_EMPTY_BODY = YES;
				CLANG_WARN_ENUM_CONVERSION = YES;
				CLANG_WARN_INFINITE_RECURSION = YES;
				CLANG_WARN_INT_CONVERSION = YES;
				CLANG_WARN_OBJC_ROOT_CLASS = YES_ERROR;
				CLANG_WARN_SUSPICIOUS_MOVES = YES;
				CLANG_WARN_UNREACHABLE_CODE = YES;
				CLANG_WARN__DUPLICATE_METHOD_MATCH = YES;
				"CODE_SIGN_IDENTITY[sdk=iphoneos*]" = "iPhone Developer";
				COPY_PHASE_STRIP = NO;
				DEBUG_INFORMATION_FORMAT = "dwarf-with-dsym";
				ENABLE_NS_ASSERTIONS = NO;
				ENABLE_STRICT_OBJC_MSGSEND = YES;
				GCC_C_LANGUAGE_STANDARD = gnu99;
				GCC_NO_COMMON_BLOCKS = YES;
				GCC_WARN_64_TO_32_BIT_CONVERSION = YES;
				GCC_WARN_ABOUT_RETURN_TYPE = YES_ERROR;
				GCC_WARN_UNDECLARED_SELECTOR = YES;
				GCC_WARN_UNINITIALIZED_AUTOS = YES_AGGRESSIVE;
				GCC_WARN_UNUSED_FUNCTION = YES;
				GCC_WARN_UNUSED_VARIABLE = YES;
				IPHONEOS_DEPLOYMENT_TARGET = 10.0;
				MTL_ENABLE_DEBUG_INFO = NO;
				SDKROOT = iphoneos;
				SWIFT_OPTIMIZATION_LEVEL = "-Owholemodule";
				VALIDATE_PRODUCT = YES;
			};
			name = Release;
		};
		B446712F1DF9BE6200B576D0 /* Debug */ = {
			isa = XCBuildConfiguration;
			baseConfigurationReference = 0F5F74BF0B3C95DAEC892309 /* Pods-ZJFlexibleLayoutDemo.debug.xcconfig */;
			buildSettings = {
				ASSETCATALOG_COMPILER_APPICON_NAME = AppIcon;
				CODE_SIGN_IDENTITY = "iPhone Developer";
				DEVELOPMENT_TEAM = Z4H85W66CY;
				INFOPLIST_FILE = ZJFlexibleLayoutDemo/Info.plist;
				LD_RUNPATH_SEARCH_PATHS = "$(inherited) @executable_path/Frameworks";
				PRODUCT_BUNDLE_IDENTIFIER = cn.ZhijieZhang.ZJFlexibleLayoutDemo;
				PRODUCT_NAME = "$(TARGET_NAME)";
				SWIFT_SWIFT3_OBJC_INFERENCE = On;
				SWIFT_VERSION = 5.0;
			};
			name = Debug;
		};
		B44671301DF9BE6200B576D0 /* Release */ = {
			isa = XCBuildConfiguration;
			baseConfigurationReference = B09B594C118627F74F1BB643 /* Pods-ZJFlexibleLayoutDemo.release.xcconfig */;
			buildSettings = {
				ASSETCATALOG_COMPILER_APPICON_NAME = AppIcon;
				CODE_SIGN_IDENTITY = "iPhone Developer";
				DEVELOPMENT_TEAM = Z4H85W66CY;
				INFOPLIST_FILE = ZJFlexibleLayoutDemo/Info.plist;
				LD_RUNPATH_SEARCH_PATHS = "$(inherited) @executable_path/Frameworks";
				PRODUCT_BUNDLE_IDENTIFIER = cn.ZhijieZhang.ZJFlexibleLayoutDemo;
				PRODUCT_NAME = "$(TARGET_NAME)";
				SWIFT_SWIFT3_OBJC_INFERENCE = On;
				SWIFT_VERSION = 5.0;
			};
			name = Release;
		};
/* End XCBuildConfiguration section */

/* Begin XCConfigurationList section */
		B44671171DF9BE6200B576D0 /* Build configuration list for PBXProject "ZJFlexibleLayoutDemo" */ = {
			isa = XCConfigurationList;
			buildConfigurations = (
				B446712C1DF9BE6200B576D0 /* Debug */,
				B446712D1DF9BE6200B576D0 /* Release */,
			);
			defaultConfigurationIsVisible = 0;
			defaultConfigurationName = Release;
		};
		B446712E1DF9BE6200B576D0 /* Build configuration list for PBXNativeTarget "ZJFlexibleLayoutDemo" */ = {
			isa = XCConfigurationList;
			buildConfigurations = (
				B446712F1DF9BE6200B576D0 /* Debug */,
				B44671301DF9BE6200B576D0 /* Release */,
			);
			defaultConfigurationIsVisible = 0;
			defaultConfigurationName = Release;
		};
/* End XCConfigurationList section */
	};
	rootObject = B44671141DF9BE6200B576D0 /* Project object */;
}
